# This file is automatically @generated by Cargo.
# It is not intended for manual editing.
version = 4

[[package]]
name = "vokra-backend-cpu"
version = "0.1.0-alpha.0"
dependencies = [
 "vokra-core",
]

[[package]]
name = "vokra-backend-cuda"
version = "0.1.0-alpha.0"
dependencies = [
 "vokra-backend-cpu",
 "vokra-core",
 "vokra-models",
]

[[package]]
name = "vokra-backend-metal"
version = "0.1.0-alpha.0"
dependencies = [
 "vokra-backend-cpu",
 "vokra-core",
]

[[package]]
name = "vokra-capi"
version = "0.1.0-alpha.0"
dependencies = [
 "vokra-core",
 "vokra-models",
]

[[package]]
name = "vokra-cli"
version = "0.1.0-alpha.0"
dependencies = [
 "vokra-convert",
 "vokra-core",
 "vokra-eval",
 "vokra-models",
]

[[package]]
name = "vokra-convert"
version = "0.1.0-alpha.0"
dependencies = [
 "vokra-core",
]

[[package]]
name = "vokra-core"
version = "0.1.0-alpha.0"

[[package]]
name = "vokra-eval"
version = "0.1.0-alpha.0"
dependencies = [
 "vokra-core",
 "vokra-ops",
]

[[package]]
name = "vokra-mmap"
version = "0.1.0-alpha.0"
dependencies = [
 "vokra-core",
]

[[package]]
name = "vokra-models"
version = "0.1.0-alpha.0"
dependencies = [
 "vokra-backend-cpu",
 "vokra-backend-cuda",
 "vokra-backend-metal",
 "vokra-core",
 "vokra-ops",
 "vokra-piper-plus",
]

[[package]]
name = "vokra-ops"
version = "0.1.0-alpha.0"
dependencies = [
 "vokra-core",
 "vokra-models",
]

[[package]]
name = "vokra-parity"
version = "0.1.0-alpha.0"
dependencies = [
 "vokra-core",
 "vokra-ops",
]

[[package]]
name = "vokra-piper-plus"
version = "0.1.0-alpha.0"
dependencies = [
 "vokra-core",
]
