version = 1
revision = 3
requires-python = "==3.12.*"

[[package]]
name = "ml-dtypes"
version = "0.6.0"
source = { registry = "https://pypi.org/simple" }
dependencies = [
    { name = "numpy" },
]
sdist = { url = "https://files.pythonhosted.org/packages/12/72/307d7c4bd0600601c7133fba5cb78af7db968152951c1cd473abb1cda782/ml_dtypes-0.6.0.tar.gz", hash = "sha256:5e60251d32ced5598972e4d5e06a2f044341f9291402551a3f6f0ec44f9299b0", size = 3032327, upload-time = "2026-08-13T14:14:40.215Z" }
wheels = [
    { url = "https://files.pythonhosted.org/packages/84/6a/441eb053b078954f7fea284dfb288701884d0a1404d39babb858e1649023/ml_dtypes-0.6.0-cp312-cp312-macosx_10_13_universal2.whl", hash = "sha256:5359c588cc62de6f78d7430f06b65853d884955494d86d6ad90b6dd64a3f3a08", size = 565447, upload-time = "2026-08-13T14:14:01.737Z" },
    { url = "https://files.pythonhosted.org/packages/ed/cf/87e8a6c57eed63a91782a0d229856ddf73e138ce004dd71e2799a9dcdb33/ml_dtypes-0.6.0-cp312-cp312-manylinux_2_27_aarch64.manylinux_2_28_aarch64.whl", hash = "sha256:37da32aa97749251025666d62372775019594577b9c9e9cfda83bed48d778fdb", size = 360227, upload-time = "2026-08-13T14:14:02.938Z" },
    { url = "https://files.pythonhosted.org/packages/c7/f9/7d76c1eae866f5d4636401b31b6d6dd90e4b4ced1fa7cfdfcca9c60e4bd3/ml_dtypes-0.6.0-cp312-cp312-manylinux_2_27_x86_64.manylinux_2_28_x86_64.whl", hash = "sha256:3b4a480aa8fd54a1805b8ac10f3f91763926a74f73c0c364c10f9231854f4170", size = 409890, upload-time = "2026-08-13T14:14:04.248Z" },
    { url = "https://files.pythonhosted.org/packages/ba/db/9c61ec2760b5cbfb1c6558d5c991a6d8fd3271053c32db20506a9a90272b/ml_dtypes-0.6.0-cp312-cp312-win_amd64.whl", hash = "sha256:2a3e9d53925597fbffafd2a37048dadeddd0bdaba58058f6ae0869ed709a184d", size = 439333, upload-time = "2026-08-13T14:14:05.501Z" },
    { url = "https://files.pythonhosted.org/packages/6a/57/780ca3e5ab135b9fbdd8e5441abf5f801b30398371b691291e05ab9834c0/ml_dtypes-0.6.0-cp312-cp312-win_arm64.whl", hash = "sha256:6eaed129a4afe90694b8685e2f9b6294849f5eda4af9a15be83a4326eeebd775", size = 552268, upload-time = "2026-08-13T14:14:06.866Z" },
]

[[package]]
name = "numpy"
version = "2.5.3"
source = { registry = "https://pypi.org/simple" }
sdist = { url = "https://files.pythonhosted.org/packages/13/01/11703282db468b85f6f7b8c7f22d058de5970d5c7e60a3a8aaa313c3de36/numpy-2.5.3.tar.gz", hash = "sha256:df2d5874ff183595a4ba404edd04f6bd9b5505c1d7708573f6a6c17489a67563", size = 20791231, upload-time = "2026-09-06T16:27:47.073Z" }
wheels = [
    { url = "https://files.pythonhosted.org/packages/d6/50/8fdbb16af64895706a45f06a4068e29db732ec180f3c1375f14123359138/numpy-2.5.3-cp312-cp312-macosx_10_13_x86_64.whl", hash = "sha256:cb189f09db39283b26bfd061ec16189e14f71c6755207f72a0f7540867afe5b9", size = 16994982, upload-time = "2026-09-06T16:24:29.244Z" },
    { url = "https://files.pythonhosted.org/packages/60/39/789131c1188c078dcb3a1692e72e1e050c68b88ffe72c9ccaac9bcd7a9cd/numpy-2.5.3-cp312-cp312-macosx_11_0_arm64.whl", hash = "sha256:f59a878c33d6b88122d80d239bb3b845d58708750b0cb06a09aebb9b18ec696c", size = 12009327, upload-time = "2026-09-06T16:24:32.491Z" },
    { url = "https://files.pythonhosted.org/packages/9c/59/a312e95696e5f601914dd8b6dd844692ba61670807417e24b68e337b5c70/numpy-2.5.3-cp312-cp312-macosx_14_0_arm64.whl", hash = "sha256:a72f874bc9e10e4b8f80426fb49716d5141f64442a0c8418065093ec8017fbb0", size = 5445405, upload-time = "2026-09-06T16:24:35.071Z" },
    { url = "https://files.pythonhosted.org/packages/30/d0/5623a1707ed4fe16e3909fe3cf5ee3da004ae677ad23d83bbf3adf1a6faf/numpy-2.5.3-cp312-cp312-macosx_14_0_x86_64.whl", hash = "sha256:fc36dc566135b5eceec4cf89758fcb719266a019ef07dae1754ae7c9f617ef3e", size = 6783213, upload-time = "2026-09-06T16:24:37.253Z" },
    { url = "https://files.pythonhosted.org/packages/f1/32/84146fc020ad3c25f805f70ab60da46fe3c540a21369754a7e4369754b6f/numpy-2.5.3-cp312-cp312-manylinux_2_27_aarch64.manylinux_2_28_aarch64.whl", hash = "sha256:76c2c1e6bfa5c84adc6434dfbf013aa92096a7985221762c8f11fedfd20fff58", size = 15687872, upload-time = "2026-09-06T16:24:39.751Z" },
    { url = "https://files.pythonhosted.org/packages/65/af/aa78d1a88805456e212b65461354cd943197fb9acecc4c90fd12295123a3/numpy-2.5.3-cp312-cp312-manylinux_2_27_x86_64.manylinux_2_28_x86_64.whl", hash = "sha256:b7e18c623bb5c95acb3b3328861272816ba199fb531921c5d6d0b675f1fde9e3", size = 16717410, upload-time = "2026-09-06T16:24:42.745Z" },
    { url = "https://files.pythonhosted.org/packages/3b/24/faa79d865e69a97ba17473b23a1b74094b2259c03e820c70297293b9ea49/numpy-2.5.3-cp312-cp312-musllinux_1_2_aarch64.whl", hash = "sha256:4f8929ee6c96bfbd7b4ed2032e0c03af86fe1826740ab61ddabf9072d06e57ff", size = 17040975, upload-time = "2026-09-06T16:24:45.961Z" },
    { url = "https://files.pythonhosted.org/packages/62/4a/8877e629445a7176297dffcaf9c485faa96a95d81728a62521ad55bd4c0f/numpy-2.5.3-cp312-cp312-musllinux_1_2_x86_64.whl", hash = "sha256:b5d93cf48f687479941d12b69c873ad2cc76bbd487f0091c2200636497f34034", size = 18476479, upload-time = "2026-09-06T16:24:49.35Z" },
    { url = "https://files.pythonhosted.org/packages/c8/db/35e1c2d38b04cbd5b731f9d71495e055e813197669d22b612f11748d2ff9/numpy-2.5.3-cp312-cp312-win32.whl", hash = "sha256:bf63afbe037eb5d2fe87fbcc7778e61da53ebaf21d938a4515aa73b62532a5d4", size = 6133378, upload-time = "2026-09-06T16:24:51.915Z" },
    { url = "https://files.pythonhosted.org/packages/3c/a1/accf6d4f0c80c5d9ba9735d6b1550e444180599f34dec69ca01360f717ad/numpy-2.5.3-cp312-cp312-win_amd64.whl", hash = "sha256:0a59a421a32580a009e8a1751345bf829631b990dc1794b80514ab722b435def", size = 12567828, upload-time = "2026-09-06T16:24:54.255Z" },
    { url = "https://files.pythonhosted.org/packages/22/43/1764aff32e4652526ae2f71fa8b3efd8d25c8a3d6926914454e47138ed1e/numpy-2.5.3-cp312-cp312-win_arm64.whl", hash = "sha256:ccb32e0525d29e8b0572eb84c9a57af0e7a4e615726927506f55063c62414034", size = 10485432, upload-time = "2026-09-06T16:24:57.278Z" },
]

[[package]]
name = "onnx"
version = "1.23.1"
source = { registry = "https://pypi.org/simple" }
dependencies = [
    { name = "ml-dtypes" },
    { name = "numpy" },
    { name = "protobuf" },
    { name = "typing-extensions" },
]
sdist = { url = "https://files.pythonhosted.org/packages/cf/11/132111c59d217c2bc08b5d048c14366348639fd9d9529f43ac37ccc031df/onnx-1.23.1.tar.gz", hash = "sha256:ef46bffa69629f90a64860c05d2258b6fff4052c07334f4fdd00b9d1a4c4b8e2", size = 6023074, upload-time = "2026-09-29T15:49:08.605Z" }
wheels = [
    { url = "https://files.pythonhosted.org/packages/c4/9f/4b7d20a2f0a7571e5e2f6ef6425c3687e0d2192b9580424e52751fcdd8f3/onnx-1.23.1-cp312-abi3-macosx_13_0_universal2.whl", hash = "sha256:502f6d8d195fc8483316a571e0b387d22e335395816f39a2d33431f657ece394", size = 9725615, upload-time = "2026-09-29T15:48:41.743Z" },
    { url = "https://files.pythonhosted.org/packages/32/e6/c9dd8176b006e1e3621b776e7433a30949843ef6116736970613cbe8ffca/onnx-1.23.1-cp312-abi3-manylinux_2_26_aarch64.manylinux_2_28_aarch64.whl", hash = "sha256:8333a5e345aafae021430fdbb6b33888c33e1d3f555234b8d29ab59a5c27b2b8", size = 8640516, upload-time = "2026-09-29T15:48:43.588Z" },
    { url = "https://files.pythonhosted.org/packages/39/45/7ae72aec5bd3b9122794d6c3abc68f0b4d52dc98e4bbeeb29e05788263eb/onnx-1.23.1-cp312-abi3-manylinux_2_27_x86_64.manylinux_2_28_x86_64.whl", hash = "sha256:40ea7e62fb3d4f808900dbb0406ccf5ab1f1e757065a90f60710ecd937fb5de5", size = 8881632, upload-time = "2026-09-29T15:48:46.384Z" },
    { url = "https://files.pythonhosted.org/packages/49/c3/845ff21102c0efa154b1c60f8ad0041cd62f9cba3088d2a8f17f2a202850/onnx-1.23.1-cp312-abi3-pyemscripten_2026_0_wasm32.whl", hash = "sha256:4c299578f7ca0f8c2d60ee0b78c77c374ad8fdedb0da6960831d487d0754f222", size = 7314840, upload-time = "2026-09-29T15:48:48.644Z" },
    { url = "https://files.pythonhosted.org/packages/7f/eb/0df939d490e096a885d048185fc3faac60d0b1a54c395a072af9cbb48f97/onnx-1.23.1-cp312-abi3-win32.whl", hash = "sha256:6c3e7de961b78b6e07db6bc36afdf387c6cd9b296d594672fbca55fe5cfbb5b5", size = 7736398, upload-time = "2026-09-29T15:48:50.808Z" },
    { url = "https://files.pythonhosted.org/packages/97/92/4cec47f8f9cf9f76a94d3f1f781e3c16b7cee2dd4adf3f6cf4b35fad9d0e/onnx-1.23.1-cp312-abi3-win_amd64.whl", hash = "sha256:7a1de7765463c7baab9a102ca89bcfda833e8343c3b15ac535bc74c87d96b11e", size = 7872487, upload-time = "2026-09-29T15:48:54.092Z" },
    { url = "https://files.pythonhosted.org/packages/9a/8a/c94bd324ff9af1519f00001cfb52c4be4e85cae04104b64a852517b69e1b/onnx-1.23.1-cp312-abi3-win_arm64.whl", hash = "sha256:3e6e4e5d8e1b4cc6df50fd3cf524deff8b5d07c6d8574abe641e44585a5d81fe", size = 8047071, upload-time = "2026-09-29T15:48:56.266Z" },
]

[[package]]
name = "protobuf"
version = "7.36.2"
source = { registry = "https://pypi.org/simple" }
sdist = { url = "https://files.pythonhosted.org/packages/d9/89/5b8517baa72f84a67b8a307ba953c91057af618bf40bf676f3c03551f8f0/protobuf-7.36.2.tar.gz", hash = "sha256:497d0463ff3316681da6c0b9e8d06cb465d61abce00b613ab42226175644d1bb", size = 512737, upload-time = "2026-09-17T20:07:59.326Z" }
wheels = [
    { url = "https://files.pythonhosted.org/packages/32/72/98342feb672507c8f3a69e34b4fa8961f608edba5c1a48a6f47156d92cb5/protobuf-7.36.2-cp310-abi3-macosx_10_9_universal2.whl", hash = "sha256:cbc70b17ee27e28894c7fee8bb04be1abead49e936bc70eb60052531eee2079e", size = 456039, upload-time = "2026-09-17T20:07:51.542Z" },
    { url = "https://files.pythonhosted.org/packages/b6/ea/91fdf7c2b8bbd49cde056f00a9df6773532987e1c00fe2830b895af95c7e/protobuf-7.36.2-cp310-abi3-manylinux2014_aarch64.whl", hash = "sha256:e11e1f0180583a2af89db6a2ecd9e8dc40aa6d2988ca175bfd0e6d12ea72d74e", size = 344219, upload-time = "2026-09-17T20:07:52.914Z" },
    { url = "https://files.pythonhosted.org/packages/17/ab/5fd5f8ece73fad885c5a09aa849b32d70472f954ba3a92d3bb5974ea953b/protobuf-7.36.2-cp310-abi3-manylinux2014_s390x.whl", hash = "sha256:f4fee11ec330d238b34a05c9b675f693c20415d1c5bd7d5320cc2f8a798eb9cf", size = 357223, upload-time = "2026-09-17T20:07:53.985Z" },
    { url = "https://files.pythonhosted.org/packages/db/f3/3996583dd2906297a637af12114deddf7658af6e683fedb83be061983fb5/protobuf-7.36.2-cp310-abi3-manylinux2014_x86_64.whl", hash = "sha256:89f23aa53c24553a2416fd4fd1ec06f74fa42b14b546d8883128813f775bbfd2", size = 343223, upload-time = "2026-09-17T20:07:54.931Z" },
    { url = "https://files.pythonhosted.org/packages/fc/1b/dcc64f358fcb51811b58ae40b3d28f820725f116d86487cc20bd4b130701/protobuf-7.36.2-cp310-abi3-win32.whl", hash = "sha256:912c1221170e16c08d1f086762f563dd61ff83c18b5fa6652952dfaded66f728", size = 442998, upload-time = "2026-09-17T20:07:55.826Z" },
    { url = "https://files.pythonhosted.org/packages/8a/55/b77bda4e5e5f5971fb51b07663694690e9afdb9402136c16a522bd621cad/protobuf-7.36.2-cp310-abi3-win_amd64.whl", hash = "sha256:a300819d441e078a5608c0d3c709796bb548136058fda017ae51d425b44fd353", size = 456514, upload-time = "2026-09-17T20:07:57.188Z" },
    { url = "https://files.pythonhosted.org/packages/e4/04/d52c7016b04b6c5108f26691f9d33ec82a9b65d041f1a9c771137693d618/protobuf-7.36.2-py3-none-any.whl", hash = "sha256:bdb3a345d48db958e6ce1f18e508beb0cc981d64f24088427549c866cd039f1e", size = 179806, upload-time = "2026-09-17T20:07:58.211Z" },
]

[[package]]
name = "typing-extensions"
version = "4.16.0"
source = { registry = "https://pypi.org/simple" }
sdist = { url = "https://files.pythonhosted.org/packages/f6/cc/6253133b5bb138fc3306cebfbda2c520f545d36b5be2c7255cc528bb45d6/typing_extensions-4.16.0.tar.gz", hash = "sha256:dc983d19a509c94dba722ee6abd33940f7c05a89e243c47e907eb4db6f1a43e5", size = 113555, upload-time = "2026-07-02T08:40:05.92Z" }
wheels = [
    { url = "https://files.pythonhosted.org/packages/49/d3/b8441a820a491ddfc024b0b0cf0393375b75ea13866d9c66727e54c2fc80/typing_extensions-4.16.0-py3-none-any.whl", hash = "sha256:481caa481374e813c1b176ada14e97f1f67a4539ce9cfeb3f350d78d6370c2e8", size = 45571, upload-time = "2026-07-02T08:40:04.659Z" },
]

[[package]]
name = "vokra-nsnet2-reference"
version = "0.1.0"
source = { virtual = "." }
dependencies = [
    { name = "numpy" },
    { name = "onnx" },
]

[package.metadata]
requires-dist = [
    { name = "numpy", specifier = "==2.5.3" },
    { name = "onnx", specifier = "==1.23.1" },
]
