# This file is automatically @generated by Cargo.
# It is not intended for manual editing.
version = 4

[[package]]
name = "vokra-backend-cpu"
version = "0.1.0-alpha.0"
dependencies = [
 "vokra-core",
]

[[package]]
name = "vokra-core"
version = "0.1.0-alpha.0"

[[package]]
name = "vokra-misaki-g2p"
version = "0.1.0"
dependencies = [
 "vokra-core",
 "vokra-models",
]

[[package]]
name = "vokra-mmap"
version = "0.1.0-alpha.0"
dependencies = [
 "vokra-core",
]

[[package]]
name = "vokra-models"
version = "0.1.0-alpha.0"
dependencies = [
 "vokra-backend-cpu",
 "vokra-core",
 "vokra-mmap",
 "vokra-ops",
 "vokra-piper-plus",
 "vokra-vad-micro",
]

[[package]]
name = "vokra-ops"
version = "0.1.0-alpha.0"
dependencies = [
 "vokra-core",
]

[[package]]
name = "vokra-piper-plus"
version = "0.1.0-alpha.0"
dependencies = [
 "vokra-core",
]

[[package]]
name = "vokra-vad-micro"
version = "0.1.0-alpha.0"
dependencies = [
 "vokra-core",
]
