# This file is automatically @generated by Cargo.
# It is not intended for manual editing.
version = 4

[[package]]
name = "vokra-android"
version = "0.1.0"
dependencies = [
 "vokra-capi",
]

[[package]]
name = "vokra-backend-cpu"
version = "0.1.0-alpha.0"
dependencies = [
 "vokra-core",
 "vokra-math",
]

[[package]]
name = "vokra-bert"
version = "0.1.0"
dependencies = [
 "vokra-core",
 "vokra-math",
 "vokra-mmap",
]

[[package]]
name = "vokra-capi"
version = "0.1.0-alpha.0"
dependencies = [
 "vokra-core",
 "vokra-mmap",
 "vokra-models",
 "vokra-ops",
]

[[package]]
name = "vokra-core"
version = "0.1.0-alpha.0"

[[package]]
name = "vokra-math"
version = "0.1.0-alpha.0"

[[package]]
name = "vokra-mmap"
version = "0.1.0-alpha.0"
dependencies = [
 "vokra-core",
]

[[package]]
name = "vokra-models"
version = "0.1.0-alpha.0"
dependencies = [
 "vokra-backend-cpu",
 "vokra-bert",
 "vokra-core",
 "vokra-math",
 "vokra-mmap",
 "vokra-ops",
 "vokra-piper-plus",
 "vokra-vad-micro",
]

[[package]]
name = "vokra-ops"
version = "0.1.0-alpha.0"
dependencies = [
 "vokra-core",
 "vokra-math",
]

[[package]]
name = "vokra-piper-plus"
version = "0.1.0-alpha.0"
dependencies = [
 "vokra-core",
]

[[package]]
name = "vokra-vad-micro"
version = "0.1.0-alpha.0"
dependencies = [
 "vokra-core",
]
